
Microsoft Visual Studio Solution File, Format Version 12.00
# Visual Studio Version 16
VisualStudioVersion = 16.0.31729.503
MinimumVisualStudioVersion = 10.0.40219.1
Project("{FAE04EC0-301F-11D3-BF4B-00C04F79EFBC}") = "sanya_kursach", "sanya_kursach\sanya_kursach.csproj", "{FE6EB4F3-10A0-4BBB-99CF-ED3C52B61C32}"
EndProject
Global
	GlobalSection(SolutionConfigurationPlatforms) = preSolution
		Debug|Any CPU = Debug|Any CPU
		Release|Any CPU = Release|Any CPU
	EndGlobalSection
	GlobalSection(ProjectConfigurationPlatforms) = postSolution
		{FE6EB4F3-10A0-4BBB-99CF-ED3C52B61C32}.Debug|Any CPU.ActiveCfg = Debug|Any CPU
		{FE6EB4F3-10A0-4BBB-99CF-ED3C52B61C32}.Debug|Any CPU.Build.0 = Debug|Any CPU
		{FE6EB4F3-10A0-4BBB-99CF-ED3C52B61C32}.Release|Any CPU.ActiveCfg = Release|Any CPU
		{FE6EB4F3-10A0-4BBB-99CF-ED3C52B61C32}.Release|Any CPU.Build.0 = Release|Any CPU
	EndGlobalSection
	GlobalSection(SolutionProperties) = preSolution
		HideSolutionNode = FALSE
	EndGlobalSection
	GlobalSection(ExtensibilityGlobals) = postSolution
		SolutionGuid = {BE917975-98E1-4FE2-BEA7-86EA09B80F87}
	EndGlobalSection
EndGlobal
